
Microsoft Visual Studio Solution File, Format Version 12.00
# Visual Studio Version 17
VisualStudioVersion = 17.4.33103.184
MinimumVisualStudioVersion = 10.0.40219.1
Project("{FAE04EC0-301F-11D3-BF4B-00C04F79EFBC}") = "Premier Service Solutions APP", "Premier Service Solutions APP.csproj", "{71150435-EFE6-4680-8136-9F855609F609}"
EndProject
Global
	GlobalSection(SolutionConfigurationPlatforms) = preSolution
		Debug|Any CPU = Debug|Any CPU
		Release|Any CPU = Release|Any CPU
	EndGlobalSection
	GlobalSection(ProjectConfigurationPlatforms) = postSolution
		{71150435-EFE6-4680-8136-9F855609F609}.Debug|Any CPU.ActiveCfg = Debug|Any CPU
		{71150435-EFE6-4680-8136-9F855609F609}.Debug|Any CPU.Build.0 = Debug|Any CPU
		{71150435-EFE6-4680-8136-9F855609F609}.Release|Any CPU.ActiveCfg = Release|Any CPU
		{71150435-EFE6-4680-8136-9F855609F609}.Release|Any CPU.Build.0 = Release|Any CPU
	EndGlobalSection
	GlobalSection(SolutionProperties) = preSolution
		HideSolutionNode = FALSE
	EndGlobalSection
	GlobalSection(ExtensibilityGlobals) = postSolution
		SolutionGuid = {82F0382A-9D72-4E61-A378-67A18A2630B5}
	EndGlobalSection
EndGlobal
